// !$*UTF8*$!
{
	archiveVersion = 1;
	classes = {
	};
	objectVersion = 46;
	objects = {

/* Begin PBXBuildFile section */
		E8C449D217BE189500DF3BBD /* UIKit.framework in Frameworks */ = {isa = PBXBuildFile; fileRef = E8C449D117BE189500DF3BBD /* UIKit.framework */; };
		E8C449D417BE189500DF3BBD /* Foundation.framework in Frameworks */ = {isa = PBXBuildFile; fileRef = E8C449D317BE189500DF3BBD /* Foundation.framework */; };
		E8C449D617BE189500DF3BBD /* CoreGraphics.framework in Frameworks */ = {isa = PBXBuildFile; fileRef = E8C449D517BE189500DF3BBD /* CoreGraphics.framework */; };
		E8C449D817BE189500DF3BBD /* GLKit.framework in Frameworks */ = {isa = PBXBuildFile; fileRef = E8C449D717BE189500DF3BBD /* GLKit.framework */; };
		E8C449DA17BE189500DF3BBD /* OpenGLES.framework in Frameworks */ = {isa = PBXBuildFile; fileRef = E8C449D917BE189500DF3BBD /* OpenGLES.framework */; };
		E8C44A1317BE198300DF3BBD /* Default-568h@2x.png in Resources */ = {isa = PBXBuildFile; fileRef = E8C44A0017BE198300DF3BBD /* Default-568h@2x.png */; };
		E8C44A1417BE198300DF3BBD /* Default.png in Resources */ = {isa = PBXBuildFile; fileRef = E8C44A0117BE198300DF3BBD /* Default.png */; };
		E8C44A1517BE198300DF3BBD /* Default@2x.png in Resources */ = {isa = PBXBuildFile; fileRef = E8C44A0217BE198300DF3BBD /* Default@2x.png */; };
		E8C44A1617BE198300DF3BBD /* InfoPlist.strings in Resources */ = {isa = PBXBuildFile; fileRef = E8C44A0317BE198300DF3BBD /* InfoPlist.strings */; };
		E8C44A1717BE198300DF3BBD /* InterfaceViewController_iPad.xib in Resources */ = {isa = PBXBuildFile; fileRef = E8C44A0517BE198300DF3BBD /* InterfaceViewController_iPad.xib */; };
		E8C44A1817BE198300DF3BBD /* InterfaceViewController_iPhone.xib in Resources */ = {isa = PBXBuildFile; fileRef = E8C44A0717BE198300DF3BBD /* InterfaceViewController_iPhone.xib */; };
		E8C44A1A17BE198300DF3BBD /* InterfaceAppDelegate.m in Sources */ = {isa = PBXBuildFile; fileRef = E8C44A0C17BE198300DF3BBD /* InterfaceAppDelegate.m */; };
		E8C44A1B17BE198300DF3BBD /* InterfaceViewController.m in Sources */ = {isa = PBXBuildFile; fileRef = E8C44A0E17BE198300DF3BBD /* InterfaceViewController.m */; };
		E8C44A1C17BE198300DF3BBD /* main.m in Sources */ = {isa = PBXBuildFile; fileRef = E8C44A0F17BE198300DF3BBD /* main.m */; };
		E8C44A2017BE1C6D00DF3BBD /* Shader.fsh in Resources */ = {isa = PBXBuildFile; fileRef = E8C44A1117BE198300DF3BBD /* Shader.fsh */; };
		E8C44A2117BE1C6D00DF3BBD /* Shader.vsh in Resources */ = {isa = PBXBuildFile; fileRef = E8C44A1217BE198300DF3BBD /* Shader.vsh */; };
/* End PBXBuildFile section */

/* Begin PBXFileReference section */
		E8C449CE17BE189500DF3BBD /* Interface.app */ = {isa = PBXFileReference; explicitFileType = wrapper.application; includeInIndex = 0; path = Interface.app; sourceTree = BUILT_PRODUCTS_DIR; };
		E8C449D117BE189500DF3BBD /* UIKit.framework */ = {isa = PBXFileReference; lastKnownFileType = wrapper.framework; name = UIKit.framework; path = System/Library/Frameworks/UIKit.framework; sourceTree = SDKROOT; };
		E8C449D317BE189500DF3BBD /* Foundation.framework */ = {isa = PBXFileReference; lastKnownFileType = wrapper.framework; name = Foundation.framework; path = System/Library/Frameworks/Foundation.framework; sourceTree = SDKROOT; };
		E8C449D517BE189500DF3BBD /* CoreGraphics.framework */ = {isa = PBXFileReference; lastKnownFileType = wrapper.framework; name = CoreGraphics.framework; path = System/Library/Frameworks/CoreGraphics.framework; sourceTree = SDKROOT; };
		E8C449D717BE189500DF3BBD /* GLKit.framework */ = {isa = PBXFileReference; lastKnownFileType = wrapper.framework; name = GLKit.framework; path = System/Library/Frameworks/GLKit.framework; sourceTree = SDKROOT; };
		E8C449D917BE189500DF3BBD /* OpenGLES.framework */ = {isa = PBXFileReference; lastKnownFileType = wrapper.framework; name = OpenGLES.framework; path = System/Library/Frameworks/OpenGLES.framework; sourceTree = SDKROOT; };
		E8C44A0017BE198300DF3BBD /* Default-568h@2x.png */ = {isa = PBXFileReference; lastKnownFileType = image.png; path = "Default-568h@2x.png"; sourceTree = "<group>"; };
		E8C44A0117BE198300DF3BBD /* Default.png */ = {isa = PBXFileReference; lastKnownFileType = image.png; path = Default.png; sourceTree = "<group>"; };
		E8C44A0217BE198300DF3BBD /* Default@2x.png */ = {isa = PBXFileReference; lastKnownFileType = image.png; path = "Default@2x.png"; sourceTree = "<group>"; };
		E8C44A0417BE198300DF3BBD /* en */ = {isa = PBXFileReference; lastKnownFileType = text.plist.strings; name = en; path = en.lproj/InfoPlist.strings; sourceTree = "<group>"; };
		E8C44A0617BE198300DF3BBD /* en */ = {isa = PBXFileReference; lastKnownFileType = file.xib; name = en; path = en.lproj/InterfaceViewController_iPad.xib; sourceTree = "<group>"; };
		E8C44A0817BE198300DF3BBD /* en */ = {isa = PBXFileReference; lastKnownFileType = file.xib; name = en; path = en.lproj/InterfaceViewController_iPhone.xib; sourceTree = "<group>"; };
		E8C44A0917BE198300DF3BBD /* Interface-Info.plist */ = {isa = PBXFileReference; fileEncoding = 4; lastKnownFileType = text.plist.xml; path = "Interface-Info.plist"; sourceTree = "<group>"; };
		E8C44A0A17BE198300DF3BBD /* Interface-Prefix.pch */ = {isa = PBXFileReference; fileEncoding = 4; lastKnownFileType = sourcecode.c.h; path = "Interface-Prefix.pch"; sourceTree = "<group>"; };
		E8C44A0B17BE198300DF3BBD /* InterfaceAppDelegate.h */ = {isa = PBXFileReference; fileEncoding = 4; lastKnownFileType = sourcecode.c.h; path = InterfaceAppDelegate.h; sourceTree = "<group>"; };
		E8C44A0C17BE198300DF3BBD /* InterfaceAppDelegate.m */ = {isa = PBXFileReference; fileEncoding = 4; lastKnownFileType = sourcecode.c.objc; path = InterfaceAppDelegate.m; sourceTree = "<group>"; };
		E8C44A0D17BE198300DF3BBD /* InterfaceViewController.h */ = {isa = PBXFileReference; fileEncoding = 4; lastKnownFileType = sourcecode.c.h; path = InterfaceViewController.h; sourceTree = "<group>"; };
		E8C44A0E17BE198300DF3BBD /* InterfaceViewController.m */ = {isa = PBXFileReference; fileEncoding = 4; lastKnownFileType = sourcecode.c.objc; path = InterfaceViewController.m; sourceTree = "<group>"; };
		E8C44A0F17BE198300DF3BBD /* main.m */ = {isa = PBXFileReference; fileEncoding = 4; lastKnownFileType = sourcecode.c.objc; path = main.m; sourceTree = "<group>"; };
		E8C44A1117BE198300DF3BBD /* Shader.fsh */ = {isa = PBXFileReference; fileEncoding = 4; lastKnownFileType = sourcecode.glsl; path = Shader.fsh; sourceTree = "<group>"; };
		E8C44A1217BE198300DF3BBD /* Shader.vsh */ = {isa = PBXFileReference; fileEncoding = 4; lastKnownFileType = sourcecode.glsl; path = Shader.vsh; sourceTree = "<group>"; };
/* End PBXFileReference section */

/* Begin PBXFrameworksBuildPhase section */
		E8C449CB17BE189400DF3BBD /* Frameworks */ = {
			isa = PBXFrameworksBuildPhase;
			buildActionMask = 2147483647;
			files = (
				E8C449D217BE189500DF3BBD /* UIKit.framework in Frameworks */,
				E8C449D417BE189500DF3BBD /* Foundation.framework in Frameworks */,
				E8C449D617BE189500DF3BBD /* CoreGraphics.framework in Frameworks */,
				E8C449D817BE189500DF3BBD /* GLKit.framework in Frameworks */,
				E8C449DA17BE189500DF3BBD /* OpenGLES.framework in Frameworks */,
			);
			runOnlyForDeploymentPostprocessing = 0;
		};
/* End PBXFrameworksBuildPhase section */

/* Begin PBXGroup section */
		E8C449C517BE189400DF3BBD = {
			isa = PBXGroup;
			children = (
				E8C449FF17BE198300DF3BBD /* OSX */,
				E8C449D017BE189500DF3BBD /* Frameworks */,
				E8C449CF17BE189500DF3BBD /* Products */,
			);
			sourceTree = "<group>";
		};
		E8C449CF17BE189500DF3BBD /* Products */ = {
			isa = PBXGroup;
			children = (
				E8C449CE17BE189500DF3BBD /* Interface.app */,
			);
			name = Products;
			sourceTree = "<group>";
		};
		E8C449D017BE189500DF3BBD /* Frameworks */ = {
			isa = PBXGroup;
			children = (
				E8C449D117BE189500DF3BBD /* UIKit.framework */,
				E8C449D317BE189500DF3BBD /* Foundation.framework */,
				E8C449D517BE189500DF3BBD /* CoreGraphics.framework */,
				E8C449D717BE189500DF3BBD /* GLKit.framework */,
				E8C449D917BE189500DF3BBD /* OpenGLES.framework */,
			);
			name = Frameworks;
			sourceTree = "<group>";
		};
		E8C449FF17BE198300DF3BBD /* OSX */ = {
			isa = PBXGroup;
			children = (
				E8C44A0517BE198300DF3BBD /* InterfaceViewController_iPad.xib */,
				E8C44A0717BE198300DF3BBD /* InterfaceViewController_iPhone.xib */,
				E8C44A0B17BE198300DF3BBD /* InterfaceAppDelegate.h */,
				E8C44A0C17BE198300DF3BBD /* InterfaceAppDelegate.m */,
				E8C44A0D17BE198300DF3BBD /* InterfaceViewController.h */,
				E8C44A0E17BE198300DF3BBD /* InterfaceViewController.m */,
				E8C44A1017BE198300DF3BBD /* Shaders */,
				E8C44A1F17BE199400DF3BBD /* Supporting Files */,
			);
			path = OSX;
			sourceTree = "<group>";
		};
		E8C44A1017BE198300DF3BBD /* Shaders */ = {
			isa = PBXGroup;
			children = (
				E8C44A1117BE198300DF3BBD /* Shader.fsh */,
				E8C44A1217BE198300DF3BBD /* Shader.vsh */,
			);
			path = Shaders;
			sourceTree = "<group>";
		};
		E8C44A1F17BE199400DF3BBD /* Supporting Files */ = {
			isa = PBXGroup;
			children = (
				E8C44A0017BE198300DF3BBD /* Default-568h@2x.png */,
				E8C44A0117BE198300DF3BBD /* Default.png */,
				E8C44A0217BE198300DF3BBD /* Default@2x.png */,
				E8C44A0317BE198300DF3BBD /* InfoPlist.strings */,
				E8C44A0917BE198300DF3BBD /* Interface-Info.plist */,
				E8C44A0A17BE198300DF3BBD /* Interface-Prefix.pch */,
				E8C44A0F17BE198300DF3BBD /* main.m */,
			);
			name = "Supporting Files";
			sourceTree = "<group>";
		};
/* End PBXGroup section */

/* Begin PBXNativeTarget section */
		E8C449CD17BE189400DF3BBD /* Interface */ = {
			isa = PBXNativeTarget;
			buildConfigurationList = E8C449FC17BE189500DF3BBD /* Build configuration list for PBXNativeTarget "Interface" */;
			buildPhases = (
				E8C449CA17BE189400DF3BBD /* Sources */,
				E8C449CB17BE189400DF3BBD /* Frameworks */,
				E8C449CC17BE189400DF3BBD /* Resources */,
			);
			buildRules = (
			);
			dependencies = (
			);
			name = Interface;
			productName = Interface;
			productReference = E8C449CE17BE189500DF3BBD /* Interface.app */;
			productType = "com.apple.product-type.application";
		};
/* End PBXNativeTarget section */

/* Begin PBXProject section */
		E8C449C617BE189400DF3BBD /* Project object */ = {
			isa = PBXProject;
			attributes = {
				CLASSPREFIX = Interface;
				LastUpgradeCheck = 0460;
				ORGANIZATIONNAME = SOC;
			};
			buildConfigurationList = E8C449C917BE189400DF3BBD /* Build configuration list for PBXProject "Interface" */;
			compatibilityVersion = "Xcode 3.2";
			developmentRegion = English;
			hasScannedForEncodings = 0;
			knownRegions = (
				en,
			);
			mainGroup = E8C449C517BE189400DF3BBD;
			productRefGroup = E8C449CF17BE189500DF3BBD /* Products */;
			projectDirPath = "";
			projectRoot = "";
			targets = (
				E8C449CD17BE189400DF3BBD /* Interface */,
			);
		};
/* End PBXProject section */

/* Begin PBXResourcesBuildPhase section */
		E8C449CC17BE189400DF3BBD /* Resources */ = {
			isa = PBXResourcesBuildPhase;
			buildActionMask = 2147483647;
			files = (
				E8C44A2017BE1C6D00DF3BBD /* Shader.fsh in Resources */,
				E8C44A2117BE1C6D00DF3BBD /* Shader.vsh in Resources */,
				E8C44A1317BE198300DF3BBD /* Default-568h@2x.png in Resources */,
				E8C44A1417BE198300DF3BBD /* Default.png in Resources */,
				E8C44A1517BE198300DF3BBD /* Default@2x.png in Resources */,
				E8C44A1617BE198300DF3BBD /* InfoPlist.strings in Resources */,
				E8C44A1717BE198300DF3BBD /* InterfaceViewController_iPad.xib in Resources */,
				E8C44A1817BE198300DF3BBD /* InterfaceViewController_iPhone.xib in Resources */,
			);
			runOnlyForDeploymentPostprocessing = 0;
		};
/* End PBXResourcesBuildPhase section */

/* Begin PBXSourcesBuildPhase section */
		E8C449CA17BE189400DF3BBD /* Sources */ = {
			isa = PBXSourcesBuildPhase;
			buildActionMask = 2147483647;
			files = (
				E8C44A1A17BE198300DF3BBD /* InterfaceAppDelegate.m in Sources */,
				E8C44A1B17BE198300DF3BBD /* InterfaceViewController.m in Sources */,
				E8C44A1C17BE198300DF3BBD /* main.m in Sources */,
			);
			runOnlyForDeploymentPostprocessing = 0;
		};
/* End PBXSourcesBuildPhase section */

/* Begin PBXVariantGroup section */
		E8C44A0317BE198300DF3BBD /* InfoPlist.strings */ = {
			isa = PBXVariantGroup;
			children = (
				E8C44A0417BE198300DF3BBD /* en */,
			);
			name = InfoPlist.strings;
			sourceTree = "<group>";
		};
		E8C44A0517BE198300DF3BBD /* InterfaceViewController_iPad.xib */ = {
			isa = PBXVariantGroup;
			children = (
				E8C44A0617BE198300DF3BBD /* en */,
			);
			name = InterfaceViewController_iPad.xib;
			sourceTree = "<group>";
		};
		E8C44A0717BE198300DF3BBD /* InterfaceViewController_iPhone.xib */ = {
			isa = PBXVariantGroup;
			children = (
				E8C44A0817BE198300DF3BBD /* en */,
			);
			name = InterfaceViewController_iPhone.xib;
			sourceTree = "<group>";
		};
/* End PBXVariantGroup section */

/* Begin XCBuildConfiguration section */
		E8C449FA17BE189500DF3BBD /* Debug */ = {
			isa = XCBuildConfiguration;
			buildSettings = {
				ALWAYS_SEARCH_USER_PATHS = NO;
				CLANG_CXX_LANGUAGE_STANDARD = "gnu++0x";
				CLANG_CXX_LIBRARY = "libc++";
				CLANG_WARN_CONSTANT_CONVERSION = YES;
				CLANG_WARN_EMPTY_BODY = YES;
				CLANG_WARN_ENUM_CONVERSION = YES;
				CLANG_WARN_INT_CONVERSION = YES;
				CLANG_WARN__DUPLICATE_METHOD_MATCH = YES;
				"CODE_SIGN_IDENTITY[sdk=iphoneos*]" = "iPhone Developer";
				COPY_PHASE_STRIP = NO;
				GCC_C_LANGUAGE_STANDARD = gnu99;
				GCC_DYNAMIC_NO_PIC = NO;
				GCC_OPTIMIZATION_LEVEL = 0;
				GCC_PREPROCESSOR_DEFINITIONS = (
					"DEBUG=1",
					"$(inherited)",
				);
				GCC_SYMBOLS_PRIVATE_EXTERN = NO;
				GCC_WARN_ABOUT_RETURN_TYPE = YES;
				GCC_WARN_UNINITIALIZED_AUTOS = YES;
				GCC_WARN_UNUSED_VARIABLE = YES;
				IPHONEOS_DEPLOYMENT_TARGET = 6.1;
				ONLY_ACTIVE_ARCH = YES;
				SDKROOT = iphoneos;
				TARGETED_DEVICE_FAMILY = "1,2";
			};
			name = Debug;
		};
		E8C449FB17BE189500DF3BBD /* Release */ = {
			isa = XCBuildConfiguration;
			buildSettings = {
				ALWAYS_SEARCH_USER_PATHS = NO;
				CLANG_CXX_LANGUAGE_STANDARD = "gnu++0x";
				CLANG_CXX_LIBRARY = "libc++";
				CLANG_WARN_CONSTANT_CONVERSION = YES;
				CLANG_WARN_EMPTY_BODY = YES;
				CLANG_WARN_ENUM_CONVERSION = YES;
				CLANG_WARN_INT_CONVERSION = YES;
				CLANG_WARN__DUPLICATE_METHOD_MATCH = YES;
				"CODE_SIGN_IDENTITY[sdk=iphoneos*]" = "iPhone Developer";
				COPY_PHASE_STRIP = YES;
				GCC_C_LANGUAGE_STANDARD = gnu99;
				GCC_WARN_ABOUT_RETURN_TYPE = YES;
				GCC_WARN_UNINITIALIZED_AUTOS = YES;
				GCC_WARN_UNUSED_VARIABLE = YES;
				IPHONEOS_DEPLOYMENT_TARGET = 6.1;
				OTHER_CFLAGS = "-DNS_BLOCK_ASSERTIONS=1";
				SDKROOT = iphoneos;
				TARGETED_DEVICE_FAMILY = "1,2";
				VALIDATE_PRODUCT = YES;
			};
			name = Release;
		};
		E8C449FD17BE189500DF3BBD /* Debug */ = {
			isa = XCBuildConfiguration;
			buildSettings = {
				GCC_PRECOMPILE_PREFIX_HEADER = YES;
				GCC_PREFIX_HEADER = "OSX/Interface-Prefix.pch";
				INFOPLIST_FILE = "OSX/Interface-Info.plist";
				PRODUCT_NAME = "$(TARGET_NAME)";
				WRAPPER_EXTENSION = app;
			};
			name = Debug;
		};
		E8C449FE17BE189500DF3BBD /* Release */ = {
			isa = XCBuildConfiguration;
			buildSettings = {
				GCC_PRECOMPILE_PREFIX_HEADER = YES;
				GCC_PREFIX_HEADER = "OSX/Interface-Prefix.pch";
				INFOPLIST_FILE = "OSX/Interface-Info.plist";
				PRODUCT_NAME = "$(TARGET_NAME)";
				WRAPPER_EXTENSION = app;
			};
			name = Release;
		};
/* End XCBuildConfiguration section */

/* Begin XCConfigurationList section */
		E8C449C917BE189400DF3BBD /* Build configuration list for PBXProject "Interface" */ = {
			isa = XCConfigurationList;
			buildConfigurations = (
				E8C449FA17BE189500DF3BBD /* Debug */,
				E8C449FB17BE189500DF3BBD /* Release */,
			);
			defaultConfigurationIsVisible = 0;
			defaultConfigurationName = Release;
		};
		E8C449FC17BE189500DF3BBD /* Build configuration list for PBXNativeTarget "Interface" */ = {
			isa = XCConfigurationList;
			buildConfigurations = (
				E8C449FD17BE189500DF3BBD /* Debug */,
				E8C449FE17BE189500DF3BBD /* Release */,
			);
			defaultConfigurationIsVisible = 0;
			defaultConfigurationName = Release;
		};
/* End XCConfigurationList section */
	};
	rootObject = E8C449C617BE189400DF3BBD /* Project object */;
}
