<?xml version="1.0" encoding="utf-8"?>
<Project ToolsVersion="4.0" xmlns="http://schemas.microsoft.com/developer/msbuild/2003">
  <ItemGroup>
    <Filter Include="Engine">
      <UniqueIdentifier>{4FC737F1-C7A5-4376-A066-2A32D752A2FF}</UniqueIdentifier>
      <Extensions>cpp;c;cc;cxx;def;odl;idl;hpj;bat;asm;asmx</Extensions>
    </Filter>
    <Filter Include="Engine\Common">
      <UniqueIdentifier>{01982b91-9600-4fcd-97b6-19089d11e45a}</UniqueIdentifier>
    </Filter>
    <Filter Include="Engine\Common\Intersection">
      <UniqueIdentifier>{f834bf48-36f3-4f77-bf92-f3f4d247d4a8}</UniqueIdentifier>
    </Filter>
    <Filter Include="Engine\Common\LayerManager">
      <UniqueIdentifier>{7fc00bf2-f83a-403f-9139-8e71b139bedd}</UniqueIdentifier>
    </Filter>
    <Filter Include="Engine\Common\Rect">
      <UniqueIdentifier>{623ea997-a949-47d8-88ca-32310088aa32}</UniqueIdentifier>
    </Filter>
    <Filter Include="Engine\Common\TagManager">
      <UniqueIdentifier>{ced0872a-90df-4845-9bec-3976a84a31c0}</UniqueIdentifier>
    </Filter>
    <Filter Include="Engine\Common\Utility">
      <UniqueIdentifier>{02af26ab-9cc1-4a4d-8ad6-602ef5589ef9}</UniqueIdentifier>
    </Filter>
    <Filter Include="Engine\Common\Intersection\AABB">
      <UniqueIdentifier>{c42832d8-acba-4430-84d0-7ad308c377d4}</UniqueIdentifier>
    </Filter>
    <Filter Include="Engine\Common\Intersection\Cone">
      <UniqueIdentifier>{76e7c6e4-4d0a-4ec3-ae24-aa78f2613755}</UniqueIdentifier>
    </Filter>
    <Filter Include="Engine\Common\Intersection\Ray">
      <UniqueIdentifier>{305084f1-aa30-4a71-bf5f-d6f12f61db8f}</UniqueIdentifier>
    </Filter>
    <Filter Include="Engine\Common\Intersection\Sphere">
      <UniqueIdentifier>{caa6b340-5a76-4c18-a59e-ac634a9d5a77}</UniqueIdentifier>
    </Filter>
    <Filter Include="Engine\Rendering">
      <UniqueIdentifier>{058ed3d7-bfe3-4239-afa3-3415cd818c4e}</UniqueIdentifier>
    </Filter>
    <Filter Include="Engine\Rendering\Color">
      <UniqueIdentifier>{2b0bc4c3-db85-431b-b06c-c6ce0ec91fed}</UniqueIdentifier>
    </Filter>
    <Filter Include="Engine\Rendering\Camera">
      <UniqueIdentifier>{51805850-d726-46a2-8e45-c187d34ddbc1}</UniqueIdentifier>
    </Filter>
    <Filter Include="Engine\Rendering\Light">
      <UniqueIdentifier>{c15bc560-f236-4f9a-ba90-f2a0bd6d820d}</UniqueIdentifier>
    </Filter>
    <Filter Include="Engine\Device">
      <UniqueIdentifier>{3548d313-9ddb-4f1f-8c05-dacee9e7ef02}</UniqueIdentifier>
    </Filter>
    <Filter Include="Engine\Rendering\Light\Spot">
      <UniqueIdentifier>{be5277d2-babd-4502-a4ad-fae445318bef}</UniqueIdentifier>
    </Filter>
    <Filter Include="Engine\Rendering\Light\Directional">
      <UniqueIdentifier>{a094c8fd-9851-48a8-843b-f5127e8568bf}</UniqueIdentifier>
    </Filter>
    <Filter Include="Engine\Rendering\Light\Point">
      <UniqueIdentifier>{a61c40b2-fd48-4002-86ba-6cc5ef6c7a9b}</UniqueIdentifier>
    </Filter>
    <Filter Include="Engine\Rendering\Light\Basic Form">
      <UniqueIdentifier>{1707f40f-ab1b-4476-a7e8-a6f16724bb4e}</UniqueIdentifier>
    </Filter>
    <Filter Include="Engine\Rendering\Light\Manager">
      <UniqueIdentifier>{b0c70c14-b171-4c9e-bdc9-9073049e471c}</UniqueIdentifier>
    </Filter>
    <Filter Include="Engine\Rendering\Camera\Frustum">
      <UniqueIdentifier>{5015df59-bd9b-4123-a92b-e2f0c0997df6}</UniqueIdentifier>
    </Filter>
    <Filter Include="Engine\Rendering\Mesh">
      <UniqueIdentifier>{f485257a-db4c-4ea7-8f45-2f2b9db613af}</UniqueIdentifier>
    </Filter>
    <Filter Include="Engine\Rendering\Mesh\Filter">
      <UniqueIdentifier>{0304f905-9afa-4051-8ae5-3ab8bfaf79c5}</UniqueIdentifier>
    </Filter>
    <Filter Include="Engine\Rendering\Mesh\Renderer">
      <UniqueIdentifier>{08f12392-831c-42e2-9c58-568526e30578}</UniqueIdentifier>
    </Filter>
    <Filter Include="Engine\Rendering\Shader">
      <UniqueIdentifier>{ca0faedb-84f0-4851-a18d-4b3c431bccbd}</UniqueIdentifier>
    </Filter>
    <Filter Include="Engine\Rendering\Shader\Manager">
      <UniqueIdentifier>{e690a0a7-3c59-472d-a622-26374f686cca}</UniqueIdentifier>
    </Filter>
    <Filter Include="Engine\Rendering\Skybox">
      <UniqueIdentifier>{61b0969f-ac18-4c8e-8743-5f702610077a}</UniqueIdentifier>
    </Filter>
    <Filter Include="Engine\Rendering\Object">
      <UniqueIdentifier>{19931332-b7ad-40d0-bb9e-19566f0adc27}</UniqueIdentifier>
    </Filter>
    <Filter Include="Source">
      <UniqueIdentifier>{3314bdab-e759-42b3-8773-ea72229440fb}</UniqueIdentifier>
    </Filter>
    <Filter Include="Engine\Device\Application">
      <UniqueIdentifier>{9ac3bbae-63ba-44b0-8f7b-6e5ca9a30b0c}</UniqueIdentifier>
    </Filter>
    <Filter Include="Engine\Device\Graphics">
      <UniqueIdentifier>{9a30c35e-7122-4c4a-898d-48ceccbca445}</UniqueIdentifier>
    </Filter>
    <Filter Include="Engine\Device\Director">
      <UniqueIdentifier>{2d1c4e0d-019b-4cd3-ab97-1d297bff4d6b}</UniqueIdentifier>
    </Filter>
    <Filter Include="Engine\Rendering\Texture">
      <UniqueIdentifier>{e1ad4a7b-efca-45ce-944a-8b37d3d947b0}</UniqueIdentifier>
    </Filter>
    <Filter Include="Engine\Rendering\Texture\Manager">
      <UniqueIdentifier>{2ab0c5d1-5ea3-4c73-b8eb-80ccdad2a94b}</UniqueIdentifier>
    </Filter>
    <Filter Include="Engine\Rendering\Buffer">
      <UniqueIdentifier>{d936b711-4f37-48a8-95ed-011883f8b119}</UniqueIdentifier>
    </Filter>
    <Filter Include="Engine\Rendering\Buffer\Vertex">
      <UniqueIdentifier>{a4790843-157e-4006-8daa-e6c1c2f16c93}</UniqueIdentifier>
    </Filter>
    <Filter Include="Engine\Rendering\Buffer\Index">
      <UniqueIdentifier>{d7fe2914-1386-4483-a53f-cdb0be4ab505}</UniqueIdentifier>
    </Filter>
    <Filter Include="Engine\Rendering\Material">
      <UniqueIdentifier>{614e1a77-6fa7-4e6a-95ad-22825afddbf4}</UniqueIdentifier>
    </Filter>
    <Filter Include="Engine\Rendering\Shader\Shader">
      <UniqueIdentifier>{49e4fe26-1f44-4d58-89b7-dd0de124d08b}</UniqueIdentifier>
    </Filter>
    <Filter Include="Engine\Rendering\Mesh\Mesh">
      <UniqueIdentifier>{3c315de4-85d6-407a-b864-4ff52aca5259}</UniqueIdentifier>
    </Filter>
    <Filter Include="Engine\Device\Graphics\VertexElements">
      <UniqueIdentifier>{aca77eab-3ae9-481d-b34a-fbefd30df3e0}</UniqueIdentifier>
    </Filter>
    <Filter Include="Engine\Rendering\Shader\Code">
      <UniqueIdentifier>{b37480fb-1a72-46b2-96dc-ff679e179ad6}</UniqueIdentifier>
    </Filter>
    <Filter Include="Engine\Scene">
      <UniqueIdentifier>{0d0e23fb-fbe5-492c-ae3a-e27adac08eb5}</UniqueIdentifier>
    </Filter>
    <Filter Include="Engine\Rendering\Math">
      <UniqueIdentifier>{49e7df99-1206-42a2-90ad-efcd4e81cbb6}</UniqueIdentifier>
    </Filter>
    <Filter Include="Engine\Scene\Base">
      <UniqueIdentifier>{5a0219a5-2496-4dc8-9aa4-5271b95f8217}</UniqueIdentifier>
    </Filter>
    <Filter Include="Engine\Rendering\Light\Parameters">
      <UniqueIdentifier>{8ed848ac-4889-44ae-9c41-8d7123eb1f36}</UniqueIdentifier>
    </Filter>
    <Filter Include="Engine\Component">
      <UniqueIdentifier>{7464027b-acff-41c8-ad1e-26c59d8f6e39}</UniqueIdentifier>
    </Filter>
    <Filter Include="Engine\Rendering\Camera\Manager">
      <UniqueIdentifier>{e3857afd-edc1-4180-9807-6bc1adebc9e3}</UniqueIdentifier>
    </Filter>
    <Filter Include="Engine\Rendering\Transform">
      <UniqueIdentifier>{b24e1788-85fd-4929-a1fb-13be582c5282}</UniqueIdentifier>
    </Filter>
    <Filter Include="Engine\Rendering\Transform\OutParameters">
      <UniqueIdentifier>{d42b87e4-c6cd-4d47-895a-e202d907e70b}</UniqueIdentifier>
    </Filter>
    <Filter Include="Engine\Rendering\Shader\Shader\Parameters">
      <UniqueIdentifier>{0942fc76-3a32-4c2d-8b6a-cde88194e106}</UniqueIdentifier>
    </Filter>
    <Filter Include="Engine\Common\Timer">
      <UniqueIdentifier>{006beb02-4c25-4ad8-affc-b95c387b51a4}</UniqueIdentifier>
    </Filter>
    <Filter Include="Engine\Rendering\FBXImporter">
      <UniqueIdentifier>{51c56a7f-8895-4222-8dae-5a15d6cc5c5b}</UniqueIdentifier>
    </Filter>
    <Filter Include="Source\TestScene">
      <UniqueIdentifier>{2e15fc3d-0814-4323-b362-bfe42a903299}</UniqueIdentifier>
    </Filter>
    <Filter Include="Engine\Rendering\Material\Manager">
      <UniqueIdentifier>{dd5ac7e3-9689-4324-a845-7c4770ca0e13}</UniqueIdentifier>
    </Filter>
    <Filter Include="Engine\Common\Data Struct">
      <UniqueIdentifier>{de32baea-2b4e-4b7b-91d3-9f4913a26bfc}</UniqueIdentifier>
    </Filter>
    <Filter Include="Engine\Common\Data Struct\Container">
      <UniqueIdentifier>{b716aaad-0918-4bc0-8342-889273fe9ee2}</UniqueIdentifier>
    </Filter>
    <Filter Include="Engine\Common\Data Struct\Dictionary">
      <UniqueIdentifier>{08ccc148-db64-4fbd-8853-b11ae3e9f27a}</UniqueIdentifier>
    </Filter>
    <Filter Include="Engine\Common\Data Struct\Map">
      <UniqueIdentifier>{721928de-0afb-4759-94d2-a893c33ffee9}</UniqueIdentifier>
    </Filter>
    <Filter Include="Engine\Rendering\Mesh\Filter\VBElements">
      <UniqueIdentifier>{df655b02-fa85-48b3-975b-68fd4df14b3c}</UniqueIdentifier>
    </Filter>
    <Filter Include="Engine\Rendering\Mesh\Manager">
      <UniqueIdentifier>{f2ae2543-62a2-4b9e-879c-a586d5f376b4}</UniqueIdentifier>
    </Filter>
    <Filter Include="Engine\Rendering\Material\LambertMaterial">
      <UniqueIdentifier>{7612513d-3da2-4a1f-9dd9-bb788eba7ead}</UniqueIdentifier>
    </Filter>
    <Filter Include="Engine\Rendering\RenderTarget">
      <UniqueIdentifier>{c1b6c682-1c90-415f-9ee1-9f20f23879d8}</UniqueIdentifier>
    </Filter>
    <Filter Include="Engine\Rendering\Buffer\Surface">
      <UniqueIdentifier>{7212c10b-f11b-48f1-8ddc-2c7e9ec0545a}</UniqueIdentifier>
    </Filter>
    <Filter Include="Engine\Etc">
      <UniqueIdentifier>{c21e8c80-bc37-475d-886d-7188528088b1}</UniqueIdentifier>
    </Filter>
    <Filter Include="Engine\Etc\Arduino">
      <UniqueIdentifier>{52091b4e-4d50-491a-aa79-23b78abf8879}</UniqueIdentifier>
    </Filter>
  </ItemGroup>
  <ItemGroup>
    <ClCompile Include="AABB.cpp">
      <Filter>Engine\Common\Intersection\AABB</Filter>
    </ClCompile>
    <ClCompile Include="Cone.cpp">
      <Filter>Engine\Common\Intersection\Cone</Filter>
    </ClCompile>
    <ClCompile Include="Ray.cpp">
      <Filter>Engine\Common\Intersection\Ray</Filter>
    </ClCompile>
    <ClCompile Include="Sphere.cpp">
      <Filter>Engine\Common\Intersection\Sphere</Filter>
    </ClCompile>
    <ClCompile Include="LayerManager.cpp">
      <Filter>Engine\Common\LayerManager</Filter>
    </ClCompile>
    <ClCompile Include="TagManager.cpp">
      <Filter>Engine\Common\TagManager</Filter>
    </ClCompile>
    <ClCompile Include="Camera.cpp">
      <Filter>Engine\Rendering\Camera</Filter>
    </ClCompile>
    <ClCompile Include="Color.cpp">
      <Filter>Engine\Rendering\Color</Filter>
    </ClCompile>
    <ClCompile Include="DirectionalLight.cpp">
      <Filter>Engine\Rendering\Light\Directional</Filter>
    </ClCompile>
    <ClCompile Include="LightForm.cpp">
      <Filter>Engine\Rendering\Light\Basic Form</Filter>
    </ClCompile>
    <ClCompile Include="LightManager.cpp">
      <Filter>Engine\Rendering\Light\Manager</Filter>
    </ClCompile>
    <ClCompile Include="PointLight.cpp">
      <Filter>Engine\Rendering\Light\Point</Filter>
    </ClCompile>
    <ClCompile Include="SpotLight.cpp">
      <Filter>Engine\Rendering\Light\Spot</Filter>
    </ClCompile>
    <ClCompile Include="Frustum.cpp">
      <Filter>Engine\Rendering\Camera\Frustum</Filter>
    </ClCompile>
    <ClCompile Include="MeshFilter.cpp">
      <Filter>Engine\Rendering\Mesh\Filter</Filter>
    </ClCompile>
    <ClCompile Include="Skybox.cpp">
      <Filter>Engine\Rendering\Skybox</Filter>
    </ClCompile>
    <ClCompile Include="main.cpp">
      <Filter>Source</Filter>
    </ClCompile>
    <ClCompile Include="DeviceDirector.cpp">
      <Filter>Engine\Device\Director</Filter>
    </ClCompile>
    <ClCompile Include="TextureManager.cpp">
      <Filter>Engine\Rendering\Texture\Manager</Filter>
    </ClCompile>
    <ClCompile Include="Material.cpp">
      <Filter>Engine\Rendering\Material</Filter>
    </ClCompile>
    <ClCompile Include="Mesh.cpp">
      <Filter>Engine\Rendering\Mesh\Mesh</Filter>
    </ClCompile>
    <ClCompile Include="MeshRenderer.cpp">
      <Filter>Engine\Rendering\Mesh\Renderer</Filter>
    </ClCompile>
    <ClCompile Include="Object.cpp">
      <Filter>Engine\Rendering\Object</Filter>
    </ClCompile>
    <ClCompile Include="Scene.cpp">
      <Filter>Engine\Scene</Filter>
    </ClCompile>
    <ClCompile Include="BaseScene.cpp">
      <Filter>Engine\Scene\Base</Filter>
    </ClCompile>
    <ClCompile Include="LightParameters.cpp">
      <Filter>Engine\Rendering\Light\Parameters</Filter>
    </ClCompile>
    <ClCompile Include="TransformParameters.cpp">
      <Filter>Engine\Rendering\Transform\OutParameters</Filter>
    </ClCompile>
    <ClCompile Include="CameraManager.cpp">
      <Filter>Engine\Rendering\Camera\Manager</Filter>
    </ClCompile>
    <ClCompile Include="Transform.cpp">
      <Filter>Engine\Rendering\Transform</Filter>
    </ClCompile>
    <ClCompile Include="Component.cpp">
      <Filter>Engine\Component</Filter>
    </ClCompile>
    <ClCompile Include="BasicParameterNames.cpp">
      <Filter>Engine\Rendering\Shader\Shader\Parameters</Filter>
    </ClCompile>
    <ClCompile Include="Timer.cpp">
      <Filter>Engine\Common\Timer</Filter>
    </ClCompile>
    <ClCompile Include="FBXImporter.cpp">
      <Filter>Engine\Rendering\FBXImporter</Filter>
    </ClCompile>
    <ClCompile Include="TestScene.cpp">
      <Filter>Source\TestScene</Filter>
    </ClCompile>
    <ClCompile Include="Dictionary.cpp">
      <Filter>Engine\Common\Data Struct\Dictionary</Filter>
    </ClCompile>
    <ClCompile Include="Map.cpp">
      <Filter>Engine\Common\Data Struct\Map</Filter>
    </ClCompile>
    <ClCompile Include="VBElements.cpp">
      <Filter>Engine\Rendering\Mesh\Filter\VBElements</Filter>
    </ClCompile>
    <ClCompile Include="MeshDataManager.cpp">
      <Filter>Engine\Rendering\Mesh\Manager</Filter>
    </ClCompile>
    <ClCompile Include="MaterialManager.cpp">
      <Filter>Engine\Rendering\Material\Manager</Filter>
    </ClCompile>
    <ClCompile Include="LambertMaterial.cpp">
      <Filter>Engine\Rendering\Material\LambertMaterial</Filter>
    </ClCompile>
    <ClCompile Include="RenderTarget.cpp">
      <Filter>Engine\Rendering\RenderTarget</Filter>
    </ClCompile>
    <ClCompile Include="Surface.cpp">
      <Filter>Engine\Rendering\Buffer\Surface</Filter>
    </ClCompile>
    <ClCompile Include="Graphics.cpp">
      <Filter>Engine\Device\Graphics</Filter>
    </ClCompile>
    <ClCompile Include="IndexBuffer.cpp">
      <Filter>Engine\Rendering\Buffer\Index</Filter>
    </ClCompile>
    <ClCompile Include="VertexBuffer.cpp">
      <Filter>Engine\Rendering\Buffer\Vertex</Filter>
    </ClCompile>
    <ClCompile Include="ShaderManager.cpp">
      <Filter>Engine\Rendering\Shader\Manager</Filter>
    </ClCompile>
    <ClCompile Include="Shader.cpp">
      <Filter>Engine\Rendering\Shader\Shader</Filter>
    </ClCompile>
    <ClCompile Include="Texture.cpp">
      <Filter>Engine\Rendering\Texture</Filter>
    </ClCompile>
    <ClCompile Include="Application.cpp">
      <Filter>Engine\Device\Application</Filter>
    </ClCompile>
    <ClCompile Include="Serial.cpp">
      <Filter>Engine\Etc\Arduino</Filter>
    </ClCompile>
    <ClCompile Include="Math.cpp">
      <Filter>Engine\Common\Utility</Filter>
    </ClCompile>
  </ItemGroup>
  <ItemGroup>
    <ClInclude Include="AABB.h">
      <Filter>Engine\Common\Intersection\AABB</Filter>
    </ClInclude>
    <ClInclude Include="Cone.h">
      <Filter>Engine\Common\Intersection\Cone</Filter>
    </ClInclude>
    <ClInclude Include="Ray.h">
      <Filter>Engine\Common\Intersection\Ray</Filter>
    </ClInclude>
    <ClInclude Include="Rect.h">
      <Filter>Engine\Common\Rect</Filter>
    </ClInclude>
    <ClInclude Include="Sphere.h">
      <Filter>Engine\Common\Intersection\Sphere</Filter>
    </ClInclude>
    <ClInclude Include="LayerManager.h">
      <Filter>Engine\Common\LayerManager</Filter>
    </ClInclude>
    <ClInclude Include="Utility.h">
      <Filter>Engine\Common\Utility</Filter>
    </ClInclude>
    <ClInclude Include="TagManager.h">
      <Filter>Engine\Common\TagManager</Filter>
    </ClInclude>
    <ClInclude Include="Camera.h">
      <Filter>Engine\Rendering\Camera</Filter>
    </ClInclude>
    <ClInclude Include="Color.h">
      <Filter>Engine\Rendering\Color</Filter>
    </ClInclude>
    <ClInclude Include="DirectionalLight.h">
      <Filter>Engine\Rendering\Light\Directional</Filter>
    </ClInclude>
    <ClInclude Include="Light.h">
      <Filter>Engine\Rendering\Light</Filter>
    </ClInclude>
    <ClInclude Include="LightForm.h">
      <Filter>Engine\Rendering\Light\Basic Form</Filter>
    </ClInclude>
    <ClInclude Include="LightManager.h">
      <Filter>Engine\Rendering\Light\Manager</Filter>
    </ClInclude>
    <ClInclude Include="PointLight.h">
      <Filter>Engine\Rendering\Light\Point</Filter>
    </ClInclude>
    <ClInclude Include="SpotLight.h">
      <Filter>Engine\Rendering\Light\Spot</Filter>
    </ClInclude>
    <ClInclude Include="Frustum.h">
      <Filter>Engine\Rendering\Camera\Frustum</Filter>
    </ClInclude>
    <ClInclude Include="MeshFilter.h">
      <Filter>Engine\Rendering\Mesh\Filter</Filter>
    </ClInclude>
    <ClInclude Include="SingleTon.h">
      <Filter>Engine\Common\Utility</Filter>
    </ClInclude>
    <ClInclude Include="Skybox.h">
      <Filter>Engine\Rendering\Skybox</Filter>
    </ClInclude>
    <ClInclude Include="SOCHashMap.h">
      <Filter>Engine\Common\Utility</Filter>
    </ClInclude>
    <ClInclude Include="DeviceDirector.h">
      <Filter>Engine\Device\Director</Filter>
    </ClInclude>
    <ClInclude Include="TextureManager.h">
      <Filter>Engine\Rendering\Texture\Manager</Filter>
    </ClInclude>
    <ClInclude Include="Buffer.h">
      <Filter>Engine\Rendering\Buffer</Filter>
    </ClInclude>
    <ClInclude Include="Size.h">
      <Filter>Engine\Common\Rect</Filter>
    </ClInclude>
    <ClInclude Include="Material.h">
      <Filter>Engine\Rendering\Material</Filter>
    </ClInclude>
    <ClInclude Include="Mesh.h">
      <Filter>Engine\Rendering\Mesh\Mesh</Filter>
    </ClInclude>
    <ClInclude Include="MeshRenderer.h">
      <Filter>Engine\Rendering\Mesh\Renderer</Filter>
    </ClInclude>
    <ClInclude Include="Device.h">
      <Filter>Engine\Device</Filter>
    </ClInclude>
    <ClInclude Include="Object.h">
      <Filter>Engine\Rendering\Object</Filter>
    </ClInclude>
    <ClInclude Include="VertexDeclaration.h">
      <Filter>Engine\Device\Graphics\VertexElements</Filter>
    </ClInclude>
    <ClInclude Include="ShaderCode.h">
      <Filter>Engine\Rendering\Shader\Code</Filter>
    </ClInclude>
    <ClInclude Include="Scene.h">
      <Filter>Engine\Scene</Filter>
    </ClInclude>
    <ClInclude Include="Platform.h">
      <Filter>Engine\Rendering</Filter>
    </ClInclude>
    <ClInclude Include="RenderingMath.h">
      <Filter>Engine\Rendering\Math</Filter>
    </ClInclude>
    <ClInclude Include="Rendering.h">
      <Filter>Engine\Rendering</Filter>
    </ClInclude>
    <ClInclude Include="BaseScene.h">
      <Filter>Engine\Scene\Base</Filter>
    </ClInclude>
    <ClInclude Include="LightParameters.h">
      <Filter>Engine\Rendering\Light\Parameters</Filter>
    </ClInclude>
    <ClInclude Include="TransformParameters.h">
      <Filter>Engine\Rendering\Transform\OutParameters</Filter>
    </ClInclude>
    <ClInclude Include="CameraManager.h">
      <Filter>Engine\Rendering\Camera\Manager</Filter>
    </ClInclude>
    <ClInclude Include="Transform.h">
      <Filter>Engine\Rendering\Transform</Filter>
    </ClInclude>
    <ClInclude Include="Component.h">
      <Filter>Engine\Component</Filter>
    </ClInclude>
    <ClInclude Include="Container.h">
      <Filter>Engine\Common\Data Struct\Container</Filter>
    </ClInclude>
    <ClInclude Include="BasicParameterNames.h">
      <Filter>Engine\Rendering\Shader\Shader\Parameters</Filter>
    </ClInclude>
    <ClInclude Include="Timer.h">
      <Filter>Engine\Common\Timer</Filter>
    </ClInclude>
    <ClInclude Include="MaterialElements.h">
      <Filter>Engine\Rendering\Material</Filter>
    </ClInclude>
    <ClInclude Include="FBXImporter.h">
      <Filter>Engine\Rendering\FBXImporter</Filter>
    </ClInclude>
    <ClInclude Include="TestScene.h">
      <Filter>Source\TestScene</Filter>
    </ClInclude>
    <ClInclude Include="Dictionary.h">
      <Filter>Engine\Common\Data Struct\Dictionary</Filter>
    </ClInclude>
    <ClInclude Include="Map.h">
      <Filter>Engine\Common\Data Struct\Map</Filter>
    </ClInclude>
    <ClInclude Include="VBElements.h">
      <Filter>Engine\Rendering\Mesh\Filter\VBElements</Filter>
    </ClInclude>
    <ClInclude Include="MeshDataManager.h">
      <Filter>Engine\Rendering\Mesh\Manager</Filter>
    </ClInclude>
    <ClInclude Include="MaterialManager.h">
      <Filter>Engine\Rendering\Material\Manager</Filter>
    </ClInclude>
    <ClInclude Include="LambertMaterial.h">
      <Filter>Engine\Rendering\Material\LambertMaterial</Filter>
    </ClInclude>
    <ClInclude Include="ResourcesFolder.h">
      <Filter>Engine\Common\Utility</Filter>
    </ClInclude>
    <ClInclude Include="RenderTarget.h">
      <Filter>Engine\Rendering\RenderTarget</Filter>
    </ClInclude>
    <ClInclude Include="Surface.h">
      <Filter>Engine\Rendering\Buffer\Surface</Filter>
    </ClInclude>
    <ClInclude Include="Graphics.h">
      <Filter>Engine\Device\Graphics</Filter>
    </ClInclude>
    <ClInclude Include="IndexBuffer.h">
      <Filter>Engine\Rendering\Buffer\Index</Filter>
    </ClInclude>
    <ClInclude Include="VertexBuffer.h">
      <Filter>Engine\Rendering\Buffer\Vertex</Filter>
    </ClInclude>
    <ClInclude Include="ShaderManager.h">
      <Filter>Engine\Rendering\Shader\Manager</Filter>
    </ClInclude>
    <ClInclude Include="Shader.h">
      <Filter>Engine\Rendering\Shader\Shader</Filter>
    </ClInclude>
    <ClInclude Include="Texture.h">
      <Filter>Engine\Rendering\Texture</Filter>
    </ClInclude>
    <ClInclude Include="Application.h">
      <Filter>Engine\Device\Application</Filter>
    </ClInclude>
    <ClInclude Include="Serial.h">
      <Filter>Engine\Etc\Arduino</Filter>
    </ClInclude>
    <ClInclude Include="Math.h">
      <Filter>Engine\Common\Utility</Filter>
    </ClInclude>
  </ItemGroup>
</Project>